
Microsoft Visual Studio Solution File, Format Version 12.00
# Visual Studio 15
VisualStudioVersion = 15.0.28307.421
MinimumVisualStudioVersion = 10.0.40219.1
Project("{FAE04EC0-301F-11D3-BF4B-00C04F79EFBC}") = "FlashCards.Android", "FlashCards\FlashCards.Android\FlashCards.Android.csproj", "{A2C90FFA-6D74-4626-BC1E-D4B25BC98638}"
EndProject
Project("{FAE04EC0-301F-11D3-BF4B-00C04F79EFBC}") = "FlashCards.iOS", "FlashCards\FlashCards.iOS\FlashCards.iOS.csproj", "{6B22C4AA-4B81-4ECA-8E8D-0C824311F99F}"
EndProject
Project("{FAE04EC0-301F-11D3-BF4B-00C04F79EFBC}") = "FlashCards.UWP", "FlashCards\FlashCards.UWP\FlashCards.UWP.csproj", "{2285A9E9-4572-4AE7-8315-38A6286B946E}"
EndProject
Project("{FAE04EC0-301F-11D3-BF4B-00C04F79EFBC}") = "FlashCards", "FlashCards\FlashCards\FlashCards.csproj", "{BC1E10A5-8403-4E4C-BDA0-F2E01F721565}"
EndProject
Global
	GlobalSection(SolutionConfigurationPlatforms) = preSolution
		Ad-Hoc|Any CPU = Ad-Hoc|Any CPU
		Ad-Hoc|ARM = Ad-Hoc|ARM
		Ad-Hoc|iPhone = Ad-Hoc|iPhone
		Ad-Hoc|iPhoneSimulator = Ad-Hoc|iPhoneSimulator
		Ad-Hoc|x64 = Ad-Hoc|x64
		Ad-Hoc|x86 = Ad-Hoc|x86
		AppStore|Any CPU = AppStore|Any CPU
		AppStore|ARM = AppStore|ARM
		AppStore|iPhone = AppStore|iPhone
		AppStore|iPhoneSimulator = AppStore|iPhoneSimulator
		AppStore|x64 = AppStore|x64
		AppStore|x86 = AppStore|x86
		Debug|Any CPU = Debug|Any CPU
		Debug|ARM = Debug|ARM
		Debug|iPhone = Debug|iPhone
		Debug|iPhoneSimulator = Debug|iPhoneSimulator
		Debug|x64 = Debug|x64
		Debug|x86 = Debug|x86
		Release|Any CPU = Release|Any CPU
		Release|ARM = Release|ARM
		Release|iPhone = Release|iPhone
		Release|iPhoneSimulator = Release|iPhoneSimulator
		Release|x64 = Release|x64
		Release|x86 = Release|x86
	EndGlobalSection
	GlobalSection(ProjectConfigurationPlatforms) = postSolution
		{A2C90FFA-6D74-4626-BC1E-D4B25BC98638}.Ad-Hoc|Any CPU.ActiveCfg = Release|Any CPU
		{A2C90FFA-6D74-4626-BC1E-D4B25BC98638}.Ad-Hoc|Any CPU.Build.0 = Release|Any CPU
		{A2C90FFA-6D74-4626-BC1E-D4B25BC98638}.Ad-Hoc|Any CPU.Deploy.0 = Release|Any CPU
		{A2C90FFA-6D74-4626-BC1E-D4B25BC98638}.Ad-Hoc|ARM.ActiveCfg = Release|Any CPU
		{A2C90FFA-6D74-4626-BC1E-D4B25BC98638}.Ad-Hoc|ARM.Build.0 = Release|Any CPU
		{A2C90FFA-6D74-4626-BC1E-D4B25BC98638}.Ad-Hoc|ARM.Deploy.0 = Release|Any CPU
		{A2C90FFA-6D74-4626-BC1E-D4B25BC98638}.Ad-Hoc|iPhone.ActiveCfg = Release|Any CPU
		{A2C90FFA-6D74-4626-BC1E-D4B25BC98638}.Ad-Hoc|iPhone.Build.0 = Release|Any CPU
		{A2C90FFA-6D74-4626-BC1E-D4B25BC98638}.Ad-Hoc|iPhone.Deploy.0 = Release|Any CPU
		{A2C90FFA-6D74-4626-BC1E-D4B25BC98638}.Ad-Hoc|iPhoneSimulator.ActiveCfg = Release|Any CPU
		{A2C90FFA-6D74-4626-BC1E-D4B25BC98638}.Ad-Hoc|iPhoneSimulator.Build.0 = Release|Any CPU
		{A2C90FFA-6D74-4626-BC1E-D4B25BC98638}.Ad-Hoc|iPhoneSimulator.Deploy.0 = Release|Any CPU
		{A2C90FFA-6D74-4626-BC1E-D4B25BC98638}.Ad-Hoc|x64.ActiveCfg = Release|Any CPU
		{A2C90FFA-6D74-4626-BC1E-D4B25BC98638}.Ad-Hoc|x64.Build.0 = Release|Any CPU
		{A2C90FFA-6D74-4626-BC1E-D4B25BC98638}.Ad-Hoc|x64.Deploy.0 = Release|Any CPU
		{A2C90FFA-6D74-4626-BC1E-D4B25BC98638}.Ad-Hoc|x86.ActiveCfg = Release|Any CPU
		{A2C90FFA-6D74-4626-BC1E-D4B25BC98638}.Ad-Hoc|x86.Build.0 = Release|Any CPU
		{A2C90FFA-6D74-4626-BC1E-D4B25BC98638}.Ad-Hoc|x86.Deploy.0 = Release|Any CPU
		{A2C90FFA-6D74-4626-BC1E-D4B25BC98638}.AppStore|Any CPU.ActiveCfg = Release|Any CPU
		{A2C90FFA-6D74-4626-BC1E-D4B25BC98638}.AppStore|Any CPU.Build.0 = Release|Any CPU
		{A2C90FFA-6D74-4626-BC1E-D4B25BC98638}.AppStore|Any CPU.Deploy.0 = Release|Any CPU
		{A2C90FFA-6D74-4626-BC1E-D4B25BC98638}.AppStore|ARM.ActiveCfg = Release|Any CPU
		{A2C90FFA-6D74-4626-BC1E-D4B25BC98638}.AppStore|ARM.Build.0 = Release|Any CPU
		{A2C90FFA-6D74-4626-BC1E-D4B25BC98638}.AppStore|ARM.Deploy.0 = Release|Any CPU
		{A2C90FFA-6D74-4626-BC1E-D4B25BC98638}.AppStore|iPhone.ActiveCfg = Release|Any CPU
		{A2C90FFA-6D74-4626-BC1E-D4B25BC98638}.AppStore|iPhone.Build.0 = Release|Any CPU
		{A2C90FFA-6D74-4626-BC1E-D4B25BC98638}.AppStore|iPhone.Deploy.0 = Release|Any CPU
		{A2C90FFA-6D74-4626-BC1E-D4B25BC98638}.AppStore|iPhoneSimulator.ActiveCfg = Release|Any CPU
		{A2C90FFA-6D74-4626-BC1E-D4B25BC98638}.AppStore|iPhoneSimulator.Build.0 = Release|Any CPU
		{A2C90FFA-6D74-4626-BC1E-D4B25BC98638}.AppStore|iPhoneSimulator.Deploy.0 = Release|Any CPU
		{A2C90FFA-6D74-4626-BC1E-D4B25BC98638}.AppStore|x64.ActiveCfg = Release|Any CPU
		{A2C90FFA-6D74-4626-BC1E-D4B25BC98638}.AppStore|x64.Build.0 = Release|Any CPU
		{A2C90FFA-6D74-4626-BC1E-D4B25BC98638}.AppStore|x64.Deploy.0 = Release|Any CPU
		{A2C90FFA-6D74-4626-BC1E-D4B25BC98638}.AppStore|x86.ActiveCfg = Release|Any CPU
		{A2C90FFA-6D74-4626-BC1E-D4B25BC98638}.AppStore|x86.Build.0 = Release|Any CPU
		{A2C90FFA-6D74-4626-BC1E-D4B25BC98638}.AppStore|x86.Deploy.0 = Release|Any CPU
		{A2C90FFA-6D74-4626-BC1E-D4B25BC98638}.Debug|Any CPU.ActiveCfg = Debug|Any CPU
		{A2C90FFA-6D74-4626-BC1E-D4B25BC98638}.Debug|Any CPU.Build.0 = Debug|Any CPU
		{A2C90FFA-6D74-4626-BC1E-D4B25BC98638}.Debug|Any CPU.Deploy.0 = Debug|Any CPU
		{A2C90FFA-6D74-4626-BC1E-D4B25BC98638}.Debug|ARM.ActiveCfg = Debug|Any CPU
		{A2C90FFA-6D74-4626-BC1E-D4B25BC98638}.Debug|ARM.Build.0 = Debug|Any CPU
		{A2C90FFA-6D74-4626-BC1E-D4B25BC98638}.Debug|ARM.Deploy.0 = Debug|Any CPU
		{A2C90FFA-6D74-4626-BC1E-D4B25BC98638}.Debug|iPhone.ActiveCfg = Debug|Any CPU
		{A2C90FFA-6D74-4626-BC1E-D4B25BC98638}.Debug|iPhone.Build.0 = Debug|Any CPU
		{A2C90FFA-6D74-4626-BC1E-D4B25BC98638}.Debug|iPhone.Deploy.0 = Debug|Any CPU
		{A2C90FFA-6D74-4626-BC1E-D4B25BC98638}.Debug|iPhoneSimulator.ActiveCfg = Debug|Any CPU
		{A2C90FFA-6D74-4626-BC1E-D4B25BC98638}.Debug|iPhoneSimulator.Build.0 = Debug|Any CPU
		{A2C90FFA-6D74-4626-BC1E-D4B25BC98638}.Debug|iPhoneSimulator.Deploy.0 = Debug|Any CPU
		{A2C90FFA-6D74-4626-BC1E-D4B25BC98638}.Debug|x64.ActiveCfg = Debug|Any CPU
		{A2C90FFA-6D74-4626-BC1E-D4B25BC98638}.Debug|x64.Build.0 = Debug|Any CPU
		{A2C90FFA-6D74-4626-BC1E-D4B25BC98638}.Debug|x64.Deploy.0 = Debug|Any CPU
		{A2C90FFA-6D74-4626-BC1E-D4B25BC98638}.Debug|x86.ActiveCfg = Debug|Any CPU
		{A2C90FFA-6D74-4626-BC1E-D4B25BC98638}.Debug|x86.Build.0 = Debug|Any CPU
		{A2C90FFA-6D74-4626-BC1E-D4B25BC98638}.Debug|x86.Deploy.0 = Debug|Any CPU
		{A2C90FFA-6D74-4626-BC1E-D4B25BC98638}.Release|Any CPU.ActiveCfg = Release|Any CPU
		{A2C90FFA-6D74-4626-BC1E-D4B25BC98638}.Release|Any CPU.Build.0 = Release|Any CPU
		{A2C90FFA-6D74-4626-BC1E-D4B25BC98638}.Release|Any CPU.Deploy.0 = Release|Any CPU
		{A2C90FFA-6D74-4626-BC1E-D4B25BC98638}.Release|ARM.ActiveCfg = Release|Any CPU
		{A2C90FFA-6D74-4626-BC1E-D4B25BC98638}.Release|ARM.Build.0 = Release|Any CPU
		{A2C90FFA-6D74-4626-BC1E-D4B25BC98638}.Release|ARM.Deploy.0 = Release|Any CPU
		{A2C90FFA-6D74-4626-BC1E-D4B25BC98638}.Release|iPhone.ActiveCfg = Release|Any CPU
		{A2C90FFA-6D74-4626-BC1E-D4B25BC98638}.Release|iPhone.Build.0 = Release|Any CPU
		{A2C90FFA-6D74-4626-BC1E-D4B25BC98638}.Release|iPhone.Deploy.0 = Release|Any CPU
		{A2C90FFA-6D74-4626-BC1E-D4B25BC98638}.Release|iPhoneSimulator.ActiveCfg = Release|Any CPU
		{A2C90FFA-6D74-4626-BC1E-D4B25BC98638}.Release|iPhoneSimulator.Build.0 = Release|Any CPU
		{A2C90FFA-6D74-4626-BC1E-D4B25BC98638}.Release|iPhoneSimulator.Deploy.0 = Release|Any CPU
		{A2C90FFA-6D74-4626-BC1E-D4B25BC98638}.Release|x64.ActiveCfg = Release|Any CPU
		{A2C90FFA-6D74-4626-BC1E-D4B25BC98638}.Release|x64.Build.0 = Release|Any CPU
		{A2C90FFA-6D74-4626-BC1E-D4B25BC98638}.Release|x64.Deploy.0 = Release|Any CPU
		{A2C90FFA-6D74-4626-BC1E-D4B25BC98638}.Release|x86.ActiveCfg = Release|Any CPU
		{A2C90FFA-6D74-4626-BC1E-D4B25BC98638}.Release|x86.Build.0 = Release|Any CPU
		{A2C90FFA-6D74-4626-BC1E-D4B25BC98638}.Release|x86.Deploy.0 = Release|Any CPU
		{6B22C4AA-4B81-4ECA-8E8D-0C824311F99F}.Ad-Hoc|Any CPU.ActiveCfg = Ad-Hoc|iPhone
		{6B22C4AA-4B81-4ECA-8E8D-0C824311F99F}.Ad-Hoc|Any CPU.Build.0 = Ad-Hoc|iPhone
		{6B22C4AA-4B81-4ECA-8E8D-0C824311F99F}.Ad-Hoc|Any CPU.Deploy.0 = Ad-Hoc|iPhone
		{6B22C4AA-4B81-4ECA-8E8D-0C824311F99F}.Ad-Hoc|ARM.ActiveCfg = Ad-Hoc|iPhone
		{6B22C4AA-4B81-4ECA-8E8D-0C824311F99F}.Ad-Hoc|ARM.Build.0 = Ad-Hoc|iPhone
		{6B22C4AA-4B81-4ECA-8E8D-0C824311F99F}.Ad-Hoc|ARM.Deploy.0 = Ad-Hoc|iPhone
		{6B22C4AA-4B81-4ECA-8E8D-0C824311F99F}.Ad-Hoc|iPhone.ActiveCfg = Ad-Hoc|iPhone
		{6B22C4AA-4B81-4ECA-8E8D-0C824311F99F}.Ad-Hoc|iPhone.Build.0 = Ad-Hoc|iPhone
		{6B22C4AA-4B81-4ECA-8E8D-0C824311F99F}.Ad-Hoc|iPhone.Deploy.0 = Ad-Hoc|iPhone
		{6B22C4AA-4B81-4ECA-8E8D-0C824311F99F}.Ad-Hoc|iPhoneSimulator.ActiveCfg = Ad-Hoc|iPhoneSimulator
		{6B22C4AA-4B81-4ECA-8E8D-0C824311F99F}.Ad-Hoc|iPhoneSimulator.Build.0 = Ad-Hoc|iPhoneSimulator
		{6B22C4AA-4B81-4ECA-8E8D-0C824311F99F}.Ad-Hoc|iPhoneSimulator.Deploy.0 = Ad-Hoc|iPhoneSimulator
		{6B22C4AA-4B81-4ECA-8E8D-0C824311F99F}.Ad-Hoc|x64.ActiveCfg = Ad-Hoc|iPhone
		{6B22C4AA-4B81-4ECA-8E8D-0C824311F99F}.Ad-Hoc|x64.Build.0 = Ad-Hoc|iPhone
		{6B22C4AA-4B81-4ECA-8E8D-0C824311F99F}.Ad-Hoc|x64.Deploy.0 = Ad-Hoc|iPhone
		{6B22C4AA-4B81-4ECA-8E8D-0C824311F99F}.Ad-Hoc|x86.ActiveCfg = Ad-Hoc|iPhone
		{6B22C4AA-4B81-4ECA-8E8D-0C824311F99F}.Ad-Hoc|x86.Build.0 = Ad-Hoc|iPhone
		{6B22C4AA-4B81-4ECA-8E8D-0C824311F99F}.Ad-Hoc|x86.Deploy.0 = Ad-Hoc|iPhone
		{6B22C4AA-4B81-4ECA-8E8D-0C824311F99F}.AppStore|Any CPU.ActiveCfg = AppStore|iPhone
		{6B22C4AA-4B81-4ECA-8E8D-0C824311F99F}.AppStore|Any CPU.Build.0 = AppStore|iPhone
		{6B22C4AA-4B81-4ECA-8E8D-0C824311F99F}.AppStore|Any CPU.Deploy.0 = AppStore|iPhone
		{6B22C4AA-4B81-4ECA-8E8D-0C824311F99F}.AppStore|ARM.ActiveCfg = AppStore|iPhone
		{6B22C4AA-4B81-4ECA-8E8D-0C824311F99F}.AppStore|ARM.Build.0 = AppStore|iPhone
		{6B22C4AA-4B81-4ECA-8E8D-0C824311F99F}.AppStore|ARM.Deploy.0 = AppStore|iPhone
		{6B22C4AA-4B81-4ECA-8E8D-0C824311F99F}.AppStore|iPhone.ActiveCfg = AppStore|iPhone
		{6B22C4AA-4B81-4ECA-8E8D-0C824311F99F}.AppStore|iPhone.Build.0 = AppStore|iPhone
		{6B22C4AA-4B81-4ECA-8E8D-0C824311F99F}.AppStore|iPhone.Deploy.0 = AppStore|iPhone
		{6B22C4AA-4B81-4ECA-8E8D-0C824311F99F}.AppStore|iPhoneSimulator.ActiveCfg = AppStore|iPhoneSimulator
		{6B22C4AA-4B81-4ECA-8E8D-0C824311F99F}.AppStore|iPhoneSimulator.Build.0 = AppStore|iPhoneSimulator
		{6B22C4AA-4B81-4ECA-8E8D-0C824311F99F}.AppStore|iPhoneSimulator.Deploy.0 = AppStore|iPhoneSimulator
		{6B22C4AA-4B81-4ECA-8E8D-0C824311F99F}.AppStore|x64.ActiveCfg = AppStore|iPhone
		{6B22C4AA-4B81-4ECA-8E8D-0C824311F99F}.AppStore|x64.Build.0 = AppStore|iPhone
		{6B22C4AA-4B81-4ECA-8E8D-0C824311F99F}.AppStore|x64.Deploy.0 = AppStore|iPhone
		{6B22C4AA-4B81-4ECA-8E8D-0C824311F99F}.AppStore|x86.ActiveCfg = AppStore|iPhone
		{6B22C4AA-4B81-4ECA-8E8D-0C824311F99F}.AppStore|x86.Build.0 = AppStore|iPhone
		{6B22C4AA-4B81-4ECA-8E8D-0C824311F99F}.AppStore|x86.Deploy.0 = AppStore|iPhone
		{6B22C4AA-4B81-4ECA-8E8D-0C824311F99F}.Debug|Any CPU.ActiveCfg = Debug|iPhoneSimulator
		{6B22C4AA-4B81-4ECA-8E8D-0C824311F99F}.Debug|Any CPU.Build.0 = Debug|iPhoneSimulator
		{6B22C4AA-4B81-4ECA-8E8D-0C824311F99F}.Debug|Any CPU.Deploy.0 = Debug|iPhoneSimulator
		{6B22C4AA-4B81-4ECA-8E8D-0C824311F99F}.Debug|ARM.ActiveCfg = Debug|iPhone
		{6B22C4AA-4B81-4ECA-8E8D-0C824311F99F}.Debug|ARM.Build.0 = Debug|iPhone
		{6B22C4AA-4B81-4ECA-8E8D-0C824311F99F}.Debug|ARM.Deploy.0 = Debug|iPhone
		{6B22C4AA-4B81-4ECA-8E8D-0C824311F99F}.Debug|iPhone.ActiveCfg = Debug|iPhone
		{6B22C4AA-4B81-4ECA-8E8D-0C824311F99F}.Debug|iPhone.Build.0 = Debug|iPhone
		{6B22C4AA-4B81-4ECA-8E8D-0C824311F99F}.Debug|iPhone.Deploy.0 = Debug|iPhone
		{6B22C4AA-4B81-4ECA-8E8D-0C824311F99F}.Debug|iPhoneSimulator.ActiveCfg = Debug|iPhoneSimulator
		{6B22C4AA-4B81-4ECA-8E8D-0C824311F99F}.Debug|iPhoneSimulator.Build.0 = Debug|iPhoneSimulator
		{6B22C4AA-4B81-4ECA-8E8D-0C824311F99F}.Debug|iPhoneSimulator.Deploy.0 = Debug|iPhoneSimulator
		{6B22C4AA-4B81-4ECA-8E8D-0C824311F99F}.Debug|x64.ActiveCfg = Debug|iPhone
		{6B22C4AA-4B81-4ECA-8E8D-0C824311F99F}.Debug|x64.Build.0 = Debug|iPhone
		{6B22C4AA-4B81-4ECA-8E8D-0C824311F99F}.Debug|x64.Deploy.0 = Debug|iPhone
		{6B22C4AA-4B81-4ECA-8E8D-0C824311F99F}.Debug|x86.ActiveCfg = Debug|iPhone
		{6B22C4AA-4B81-4ECA-8E8D-0C824311F99F}.Debug|x86.Build.0 = Debug|iPhone
		{6B22C4AA-4B81-4ECA-8E8D-0C824311F99F}.Debug|x86.Deploy.0 = Debug|iPhone
		{6B22C4AA-4B81-4ECA-8E8D-0C824311F99F}.Release|Any CPU.ActiveCfg = Release|iPhone
		{6B22C4AA-4B81-4ECA-8E8D-0C824311F99F}.Release|Any CPU.Build.0 = Release|iPhone
		{6B22C4AA-4B81-4ECA-8E8D-0C824311F99F}.Release|Any CPU.Deploy.0 = Release|iPhone
		{6B22C4AA-4B81-4ECA-8E8D-0C824311F99F}.Release|ARM.ActiveCfg = Release|iPhone
		{6B22C4AA-4B81-4ECA-8E8D-0C824311F99F}.Release|ARM.Build.0 = Release|iPhone
		{6B22C4AA-4B81-4ECA-8E8D-0C824311F99F}.Release|ARM.Deploy.0 = Release|iPhone
		{6B22C4AA-4B81-4ECA-8E8D-0C824311F99F}.Release|iPhone.ActiveCfg = Release|iPhone
		{6B22C4AA-4B81-4ECA-8E8D-0C824311F99F}.Release|iPhone.Build.0 = Release|iPhone
		{6B22C4AA-4B81-4ECA-8E8D-0C824311F99F}.Release|iPhone.Deploy.0 = Release|iPhone
		{6B22C4AA-4B81-4ECA-8E8D-0C824311F99F}.Release|iPhoneSimulator.ActiveCfg = Release|iPhoneSimulator
		{6B22C4AA-4B81-4ECA-8E8D-0C824311F99F}.Release|iPhoneSimulator.Build.0 = Release|iPhoneSimulator
		{6B22C4AA-4B81-4ECA-8E8D-0C824311F99F}.Release|iPhoneSimulator.Deploy.0 = Release|iPhoneSimulator
		{6B22C4AA-4B81-4ECA-8E8D-0C824311F99F}.Release|x64.ActiveCfg = Release|iPhone
		{6B22C4AA-4B81-4ECA-8E8D-0C824311F99F}.Release|x64.Build.0 = Release|iPhone
		{6B22C4AA-4B81-4ECA-8E8D-0C824311F99F}.Release|x64.Deploy.0 = Release|iPhone
		{6B22C4AA-4B81-4ECA-8E8D-0C824311F99F}.Release|x86.ActiveCfg = Release|iPhone
		{6B22C4AA-4B81-4ECA-8E8D-0C824311F99F}.Release|x86.Build.0 = Release|iPhone
		{6B22C4AA-4B81-4ECA-8E8D-0C824311F99F}.Release|x86.Deploy.0 = Release|iPhone
		{2285A9E9-4572-4AE7-8315-38A6286B946E}.Ad-Hoc|Any CPU.ActiveCfg = Release|x86
		{2285A9E9-4572-4AE7-8315-38A6286B946E}.Ad-Hoc|Any CPU.Build.0 = Release|x86
		{2285A9E9-4572-4AE7-8315-38A6286B946E}.Ad-Hoc|Any CPU.Deploy.0 = Release|x86
		{2285A9E9-4572-4AE7-8315-38A6286B946E}.Ad-Hoc|ARM.ActiveCfg = Release|ARM
		{2285A9E9-4572-4AE7-8315-38A6286B946E}.Ad-Hoc|ARM.Build.0 = Release|ARM
		{2285A9E9-4572-4AE7-8315-38A6286B946E}.Ad-Hoc|ARM.Deploy.0 = Release|ARM
		{2285A9E9-4572-4AE7-8315-38A6286B946E}.Ad-Hoc|iPhone.ActiveCfg = Release|x86
		{2285A9E9-4572-4AE7-8315-38A6286B946E}.Ad-Hoc|iPhone.Build.0 = Release|x86
		{2285A9E9-4572-4AE7-8315-38A6286B946E}.Ad-Hoc|iPhone.Deploy.0 = Release|x86
		{2285A9E9-4572-4AE7-8315-38A6286B946E}.Ad-Hoc|iPhoneSimulator.ActiveCfg = Release|x86
		{2285A9E9-4572-4AE7-8315-38A6286B946E}.Ad-Hoc|iPhoneSimulator.Build.0 = Release|x86
		{2285A9E9-4572-4AE7-8315-38A6286B946E}.Ad-Hoc|iPhoneSimulator.Deploy.0 = Release|x86
		{2285A9E9-4572-4AE7-8315-38A6286B946E}.Ad-Hoc|x64.ActiveCfg = Release|x64
		{2285A9E9-4572-4AE7-8315-38A6286B946E}.Ad-Hoc|x64.Build.0 = Release|x64
		{2285A9E9-4572-4AE7-8315-38A6286B946E}.Ad-Hoc|x64.Deploy.0 = Release|x64
		{2285A9E9-4572-4AE7-8315-38A6286B946E}.Ad-Hoc|x86.ActiveCfg = Release|x86
		{2285A9E9-4572-4AE7-8315-38A6286B946E}.Ad-Hoc|x86.Build.0 = Release|x86
		{2285A9E9-4572-4AE7-8315-38A6286B946E}.Ad-Hoc|x86.Deploy.0 = Release|x86
		{2285A9E9-4572-4AE7-8315-38A6286B946E}.AppStore|Any CPU.ActiveCfg = Release|x86
		{2285A9E9-4572-4AE7-8315-38A6286B946E}.AppStore|Any CPU.Build.0 = Release|x86
		{2285A9E9-4572-4AE7-8315-38A6286B946E}.AppStore|Any CPU.Deploy.0 = Release|x86
		{2285A9E9-4572-4AE7-8315-38A6286B946E}.AppStore|ARM.ActiveCfg = Release|ARM
		{2285A9E9-4572-4AE7-8315-38A6286B946E}.AppStore|ARM.Build.0 = Release|ARM
		{2285A9E9-4572-4AE7-8315-38A6286B946E}.AppStore|ARM.Deploy.0 = Release|ARM
		{2285A9E9-4572-4AE7-8315-38A6286B946E}.AppStore|iPhone.ActiveCfg = Release|x86
		{2285A9E9-4572-4AE7-8315-38A6286B946E}.AppStore|iPhone.Build.0 = Release|x86
		{2285A9E9-4572-4AE7-8315-38A6286B946E}.AppStore|iPhone.Deploy.0 = Release|x86
		{2285A9E9-4572-4AE7-8315-38A6286B946E}.AppStore|iPhoneSimulator.ActiveCfg = Release|x86
		{2285A9E9-4572-4AE7-8315-38A6286B946E}.AppStore|iPhoneSimulator.Build.0 = Release|x86
		{2285A9E9-4572-4AE7-8315-38A6286B946E}.AppStore|iPhoneSimulator.Deploy.0 = Release|x86
		{2285A9E9-4572-4AE7-8315-38A6286B946E}.AppStore|x64.ActiveCfg = Release|x64
		{2285A9E9-4572-4AE7-8315-38A6286B946E}.AppStore|x64.Build.0 = Release|x64
		{2285A9E9-4572-4AE7-8315-38A6286B946E}.AppStore|x64.Deploy.0 = Release|x64
		{2285A9E9-4572-4AE7-8315-38A6286B946E}.AppStore|x86.ActiveCfg = Release|x86
		{2285A9E9-4572-4AE7-8315-38A6286B946E}.AppStore|x86.Build.0 = Release|x86
		{2285A9E9-4572-4AE7-8315-38A6286B946E}.AppStore|x86.Deploy.0 = Release|x86
		{2285A9E9-4572-4AE7-8315-38A6286B946E}.Debug|Any CPU.ActiveCfg = Debug|x86
		{2285A9E9-4572-4AE7-8315-38A6286B946E}.Debug|Any CPU.Build.0 = Debug|x86
		{2285A9E9-4572-4AE7-8315-38A6286B946E}.Debug|Any CPU.Deploy.0 = Debug|x86
		{2285A9E9-4572-4AE7-8315-38A6286B946E}.Debug|ARM.ActiveCfg = Debug|ARM
		{2285A9E9-4572-4AE7-8315-38A6286B946E}.Debug|ARM.Build.0 = Debug|ARM
		{2285A9E9-4572-4AE7-8315-38A6286B946E}.Debug|ARM.Deploy.0 = Debug|ARM
		{2285A9E9-4572-4AE7-8315-38A6286B946E}.Debug|iPhone.ActiveCfg = Debug|x86
		{2285A9E9-4572-4AE7-8315-38A6286B946E}.Debug|iPhone.Build.0 = Debug|x86
		{2285A9E9-4572-4AE7-8315-38A6286B946E}.Debug|iPhone.Deploy.0 = Debug|x86
		{2285A9E9-4572-4AE7-8315-38A6286B946E}.Debug|iPhoneSimulator.ActiveCfg = Debug|x86
		{2285A9E9-4572-4AE7-8315-38A6286B946E}.Debug|iPhoneSimulator.Build.0 = Debug|x86
		{2285A9E9-4572-4AE7-8315-38A6286B946E}.Debug|iPhoneSimulator.Deploy.0 = Debug|x86
		{2285A9E9-4572-4AE7-8315-38A6286B946E}.Debug|x64.ActiveCfg = Debug|x64
		{2285A9E9-4572-4AE7-8315-38A6286B946E}.Debug|x64.Build.0 = Debug|x64
		{2285A9E9-4572-4AE7-8315-38A6286B946E}.Debug|x64.Deploy.0 = Debug|x64
		{2285A9E9-4572-4AE7-8315-38A6286B946E}.Debug|x86.ActiveCfg = Debug|x86
		{2285A9E9-4572-4AE7-8315-38A6286B946E}.Debug|x86.Build.0 = Debug|x86
		{2285A9E9-4572-4AE7-8315-38A6286B946E}.Debug|x86.Deploy.0 = Debug|x86
		{2285A9E9-4572-4AE7-8315-38A6286B946E}.Release|Any CPU.ActiveCfg = Release|x86
		{2285A9E9-4572-4AE7-8315-38A6286B946E}.Release|Any CPU.Build.0 = Release|x86
		{2285A9E9-4572-4AE7-8315-38A6286B946E}.Release|Any CPU.Deploy.0 = Release|x86
		{2285A9E9-4572-4AE7-8315-38A6286B946E}.Release|ARM.ActiveCfg = Release|ARM
		{2285A9E9-4572-4AE7-8315-38A6286B946E}.Release|ARM.Build.0 = Release|ARM
		{2285A9E9-4572-4AE7-8315-38A6286B946E}.Release|ARM.Deploy.0 = Release|ARM
		{2285A9E9-4572-4AE7-8315-38A6286B946E}.Release|iPhone.ActiveCfg = Release|x86
		{2285A9E9-4572-4AE7-8315-38A6286B946E}.Release|iPhone.Build.0 = Release|x86
		{2285A9E9-4572-4AE7-8315-38A6286B946E}.Release|iPhone.Deploy.0 = Release|x86
		{2285A9E9-4572-4AE7-8315-38A6286B946E}.Release|iPhoneSimulator.ActiveCfg = Release|x86
		{2285A9E9-4572-4AE7-8315-38A6286B946E}.Release|iPhoneSimulator.Build.0 = Release|x86
		{2285A9E9-4572-4AE7-8315-38A6286B946E}.Release|iPhoneSimulator.Deploy.0 = Release|x86
		{2285A9E9-4572-4AE7-8315-38A6286B946E}.Release|x64.ActiveCfg = Release|x64
		{2285A9E9-4572-4AE7-8315-38A6286B946E}.Release|x64.Build.0 = Release|x64
		{2285A9E9-4572-4AE7-8315-38A6286B946E}.Release|x64.Deploy.0 = Release|x64
		{2285A9E9-4572-4AE7-8315-38A6286B946E}.Release|x86.ActiveCfg = Release|x86
		{2285A9E9-4572-4AE7-8315-38A6286B946E}.Release|x86.Build.0 = Release|x86
		{2285A9E9-4572-4AE7-8315-38A6286B946E}.Release|x86.Deploy.0 = Release|x86
		{BC1E10A5-8403-4E4C-BDA0-F2E01F721565}.Ad-Hoc|Any CPU.ActiveCfg = Debug|Any CPU
		{BC1E10A5-8403-4E4C-BDA0-F2E01F721565}.Ad-Hoc|Any CPU.Build.0 = Debug|Any CPU
		{BC1E10A5-8403-4E4C-BDA0-F2E01F721565}.Ad-Hoc|Any CPU.Deploy.0 = Debug|Any CPU
		{BC1E10A5-8403-4E4C-BDA0-F2E01F721565}.Ad-Hoc|ARM.ActiveCfg = Debug|Any CPU
		{BC1E10A5-8403-4E4C-BDA0-F2E01F721565}.Ad-Hoc|ARM.Build.0 = Debug|Any CPU
		{BC1E10A5-8403-4E4C-BDA0-F2E01F721565}.Ad-Hoc|ARM.Deploy.0 = Debug|Any CPU
		{BC1E10A5-8403-4E4C-BDA0-F2E01F721565}.Ad-Hoc|iPhone.ActiveCfg = Debug|Any CPU
		{BC1E10A5-8403-4E4C-BDA0-F2E01F721565}.Ad-Hoc|iPhone.Build.0 = Debug|Any CPU
		{BC1E10A5-8403-4E4C-BDA0-F2E01F721565}.Ad-Hoc|iPhone.Deploy.0 = Debug|Any CPU
		{BC1E10A5-8403-4E4C-BDA0-F2E01F721565}.Ad-Hoc|iPhoneSimulator.ActiveCfg = Debug|Any CPU
		{BC1E10A5-8403-4E4C-BDA0-F2E01F721565}.Ad-Hoc|iPhoneSimulator.Build.0 = Debug|Any CPU
		{BC1E10A5-8403-4E4C-BDA0-F2E01F721565}.Ad-Hoc|iPhoneSimulator.Deploy.0 = Debug|Any CPU
		{BC1E10A5-8403-4E4C-BDA0-F2E01F721565}.Ad-Hoc|x64.ActiveCfg = Debug|Any CPU
		{BC1E10A5-8403-4E4C-BDA0-F2E01F721565}.Ad-Hoc|x64.Build.0 = Debug|Any CPU
		{BC1E10A5-8403-4E4C-BDA0-F2E01F721565}.Ad-Hoc|x64.Deploy.0 = Debug|Any CPU
		{BC1E10A5-8403-4E4C-BDA0-F2E01F721565}.Ad-Hoc|x86.ActiveCfg = Debug|Any CPU
		{BC1E10A5-8403-4E4C-BDA0-F2E01F721565}.Ad-Hoc|x86.Build.0 = Debug|Any CPU
		{BC1E10A5-8403-4E4C-BDA0-F2E01F721565}.Ad-Hoc|x86.Deploy.0 = Debug|Any CPU
		{BC1E10A5-8403-4E4C-BDA0-F2E01F721565}.AppStore|Any CPU.ActiveCfg = Debug|Any CPU
		{BC1E10A5-8403-4E4C-BDA0-F2E01F721565}.AppStore|Any CPU.Build.0 = Debug|Any CPU
		{BC1E10A5-8403-4E4C-BDA0-F2E01F721565}.AppStore|Any CPU.Deploy.0 = Debug|Any CPU
		{BC1E10A5-8403-4E4C-BDA0-F2E01F721565}.AppStore|ARM.ActiveCfg = Debug|Any CPU
		{BC1E10A5-8403-4E4C-BDA0-F2E01F721565}.AppStore|ARM.Build.0 = Debug|Any CPU
		{BC1E10A5-8403-4E4C-BDA0-F2E01F721565}.AppStore|ARM.Deploy.0 = Debug|Any CPU
		{BC1E10A5-8403-4E4C-BDA0-F2E01F721565}.AppStore|iPhone.ActiveCfg = Debug|Any CPU
		{BC1E10A5-8403-4E4C-BDA0-F2E01F721565}.AppStore|iPhone.Build.0 = Debug|Any CPU
		{BC1E10A5-8403-4E4C-BDA0-F2E01F721565}.AppStore|iPhone.Deploy.0 = Debug|Any CPU
		{BC1E10A5-8403-4E4C-BDA0-F2E01F721565}.AppStore|iPhoneSimulator.ActiveCfg = Debug|Any CPU
		{BC1E10A5-8403-4E4C-BDA0-F2E01F721565}.AppStore|iPhoneSimulator.Build.0 = Debug|Any CPU
		{BC1E10A5-8403-4E4C-BDA0-F2E01F721565}.AppStore|iPhoneSimulator.Deploy.0 = Debug|Any CPU
		{BC1E10A5-8403-4E4C-BDA0-F2E01F721565}.AppStore|x64.ActiveCfg = Debug|Any CPU
		{BC1E10A5-8403-4E4C-BDA0-F2E01F721565}.AppStore|x64.Build.0 = Debug|Any CPU
		{BC1E10A5-8403-4E4C-BDA0-F2E01F721565}.AppStore|x64.Deploy.0 = Debug|Any CPU
		{BC1E10A5-8403-4E4C-BDA0-F2E01F721565}.AppStore|x86.ActiveCfg = Debug|Any CPU
		{BC1E10A5-8403-4E4C-BDA0-F2E01F721565}.AppStore|x86.Build.0 = Debug|Any CPU
		{BC1E10A5-8403-4E4C-BDA0-F2E01F721565}.AppStore|x86.Deploy.0 = Debug|Any CPU
		{BC1E10A5-8403-4E4C-BDA0-F2E01F721565}.Debug|Any CPU.ActiveCfg = Debug|Any CPU
		{BC1E10A5-8403-4E4C-BDA0-F2E01F721565}.Debug|Any CPU.Build.0 = Debug|Any CPU
		{BC1E10A5-8403-4E4C-BDA0-F2E01F721565}.Debug|Any CPU.Deploy.0 = Debug|Any CPU
		{BC1E10A5-8403-4E4C-BDA0-F2E01F721565}.Debug|ARM.ActiveCfg = Debug|Any CPU
		{BC1E10A5-8403-4E4C-BDA0-F2E01F721565}.Debug|ARM.Build.0 = Debug|Any CPU
		{BC1E10A5-8403-4E4C-BDA0-F2E01F721565}.Debug|ARM.Deploy.0 = Debug|Any CPU
		{BC1E10A5-8403-4E4C-BDA0-F2E01F721565}.Debug|iPhone.ActiveCfg = Debug|Any CPU
		{BC1E10A5-8403-4E4C-BDA0-F2E01F721565}.Debug|iPhone.Build.0 = Debug|Any CPU
		{BC1E10A5-8403-4E4C-BDA0-F2E01F721565}.Debug|iPhone.Deploy.0 = Debug|Any CPU
		{BC1E10A5-8403-4E4C-BDA0-F2E01F721565}.Debug|iPhoneSimulator.ActiveCfg = Debug|Any CPU
		{BC1E10A5-8403-4E4C-BDA0-F2E01F721565}.Debug|iPhoneSimulator.Build.0 = Debug|Any CPU
		{BC1E10A5-8403-4E4C-BDA0-F2E01F721565}.Debug|iPhoneSimulator.Deploy.0 = Debug|Any CPU
		{BC1E10A5-8403-4E4C-BDA0-F2E01F721565}.Debug|x64.ActiveCfg = Debug|Any CPU
		{BC1E10A5-8403-4E4C-BDA0-F2E01F721565}.Debug|x64.Build.0 = Debug|Any CPU
		{BC1E10A5-8403-4E4C-BDA0-F2E01F721565}.Debug|x64.Deploy.0 = Debug|Any CPU
		{BC1E10A5-8403-4E4C-BDA0-F2E01F721565}.Debug|x86.ActiveCfg = Debug|Any CPU
		{BC1E10A5-8403-4E4C-BDA0-F2E01F721565}.Debug|x86.Build.0 = Debug|Any CPU
		{BC1E10A5-8403-4E4C-BDA0-F2E01F721565}.Debug|x86.Deploy.0 = Debug|Any CPU
		{BC1E10A5-8403-4E4C-BDA0-F2E01F721565}.Release|Any CPU.ActiveCfg = Release|Any CPU
		{BC1E10A5-8403-4E4C-BDA0-F2E01F721565}.Release|Any CPU.Build.0 = Release|Any CPU
		{BC1E10A5-8403-4E4C-BDA0-F2E01F721565}.Release|Any CPU.Deploy.0 = Release|Any CPU
		{BC1E10A5-8403-4E4C-BDA0-F2E01F721565}.Release|ARM.ActiveCfg = Release|Any CPU
		{BC1E10A5-8403-4E4C-BDA0-F2E01F721565}.Release|ARM.Build.0 = Release|Any CPU
		{BC1E10A5-8403-4E4C-BDA0-F2E01F721565}.Release|ARM.Deploy.0 = Release|Any CPU
		{BC1E10A5-8403-4E4C-BDA0-F2E01F721565}.Release|iPhone.ActiveCfg = Release|Any CPU
		{BC1E10A5-8403-4E4C-BDA0-F2E01F721565}.Release|iPhone.Build.0 = Release|Any CPU
		{BC1E10A5-8403-4E4C-BDA0-F2E01F721565}.Release|iPhone.Deploy.0 = Release|Any CPU
		{BC1E10A5-8403-4E4C-BDA0-F2E01F721565}.Release|iPhoneSimulator.ActiveCfg = Release|Any CPU
		{BC1E10A5-8403-4E4C-BDA0-F2E01F721565}.Release|iPhoneSimulator.Build.0 = Release|Any CPU
		{BC1E10A5-8403-4E4C-BDA0-F2E01F721565}.Release|iPhoneSimulator.Deploy.0 = Release|Any CPU
		{BC1E10A5-8403-4E4C-BDA0-F2E01F721565}.Release|x64.ActiveCfg = Release|Any CPU
		{BC1E10A5-8403-4E4C-BDA0-F2E01F721565}.Release|x64.Build.0 = Release|Any CPU
		{BC1E10A5-8403-4E4C-BDA0-F2E01F721565}.Release|x64.Deploy.0 = Release|Any CPU
		{BC1E10A5-8403-4E4C-BDA0-F2E01F721565}.Release|x86.ActiveCfg = Release|Any CPU
		{BC1E10A5-8403-4E4C-BDA0-F2E01F721565}.Release|x86.Build.0 = Release|Any CPU
		{BC1E10A5-8403-4E4C-BDA0-F2E01F721565}.Release|x86.Deploy.0 = Release|Any CPU
	EndGlobalSection
	GlobalSection(SolutionProperties) = preSolution
		HideSolutionNode = FALSE
	EndGlobalSection
	GlobalSection(ExtensibilityGlobals) = postSolution
		SolutionGuid = {01BC33BB-481B-4894-B6E8-218A2C896ACC}
	EndGlobalSection
EndGlobal
